// !$*UTF8*$!
{
	archiveVersion = 1;
	classes = {
	};
	objectVersion = 46;
	objects = {

/* Begin PBXBuildFile section */
		2E3FEDD41CCF5B0300C41D5E /* OrbLayer.swift in Sources */ = {isa = PBXBuildFile; fileRef = 2E3FEDD31CCF5B0300C41D5E /* OrbLayer.swift */; };
		2E77FB0E1CCA4B7700EFB056 /* Diffusion.framework in Frameworks */ = {isa = PBXBuildFile; fileRef = 2E77FB0C1CCA4B7700EFB056 /* Diffusion.framework */; };
		2E77FB101CCA4C9300EFB056 /* Diffusion.framework in Embed Frameworks */ = {isa = PBXBuildFile; fileRef = 2E77FB0C1CCA4B7700EFB056 /* Diffusion.framework */; settings = {ATTRIBUTES = (CodeSignOnCopy, RemoveHeadersOnCopy, ); }; };
		2E77FB131CCA616700EFB056 /* OrbsClient.swift in Sources */ = {isa = PBXBuildFile; fileRef = 2E77FB121CCA616700EFB056 /* OrbsClient.swift */; };
		2EA087F81CCE0EF600327190 /* OrbsLayer.swift in Sources */ = {isa = PBXBuildFile; fileRef = 2EA087F71CCE0EF600327190 /* OrbsLayer.swift */; };
		2EA087FA1CCE15F100327190 /* OrbKey.swift in Sources */ = {isa = PBXBuildFile; fileRef = 2EA087F91CCE15F100327190 /* OrbKey.swift */; };
		2EA087FC1CCE17C200327190 /* OrbState.swift in Sources */ = {isa = PBXBuildFile; fileRef = 2EA087FB1CCE17C200327190 /* OrbState.swift */; };
		2EA087FE1CCE88C400327190 /* OrbListener.swift in Sources */ = {isa = PBXBuildFile; fileRef = 2EA087FD1CCE88C400327190 /* OrbListener.swift */; };
		2EA088021CCE9C4C00327190 /* OrbsView.swift in Sources */ = {isa = PBXBuildFile; fileRef = 2EA088011CCE9C4C00327190 /* OrbsView.swift */; };
		2EFE51A01CCA3DEC00970A4E /* AppDelegate.swift in Sources */ = {isa = PBXBuildFile; fileRef = 2EFE519F1CCA3DEC00970A4E /* AppDelegate.swift */; };
		2EFE51A21CCA3DEC00970A4E /* ViewController.swift in Sources */ = {isa = PBXBuildFile; fileRef = 2EFE51A11CCA3DEC00970A4E /* ViewController.swift */; };
		2EFE51A51CCA3DEC00970A4E /* Main.storyboard in Resources */ = {isa = PBXBuildFile; fileRef = 2EFE51A31CCA3DEC00970A4E /* Main.storyboard */; };
		2EFE51A71CCA3DEC00970A4E /* Assets.xcassets in Resources */ = {isa = PBXBuildFile; fileRef = 2EFE51A61CCA3DEC00970A4E /* Assets.xcassets */; };
		2EFE51AA1CCA3DEC00970A4E /* LaunchScreen.storyboard in Resources */ = {isa = PBXBuildFile; fileRef = 2EFE51A81CCA3DEC00970A4E /* LaunchScreen.storyboard */; };
/* End PBXBuildFile section */

/* Begin PBXCopyFilesBuildPhase section */
		2E77FB111CCA4C9300EFB056 /* Embed Frameworks */ = {
			isa = PBXCopyFilesBuildPhase;
			buildActionMask = 2147483647;
			dstPath = "";
			dstSubfolderSpec = 10;
			files = (
				2E77FB101CCA4C9300EFB056 /* Diffusion.framework in Embed Frameworks */,
			);
			name = "Embed Frameworks";
			runOnlyForDeploymentPostprocessing = 0;
		};
/* End PBXCopyFilesBuildPhase section */

/* Begin PBXFileReference section */
		2E3FEDD31CCF5B0300C41D5E /* OrbLayer.swift */ = {isa = PBXFileReference; fileEncoding = 4; lastKnownFileType = sourcecode.swift; path = OrbLayer.swift; sourceTree = "<group>"; };
		2E77FB0C1CCA4B7700EFB056 /* Diffusion.framework */ = {isa = PBXFileReference; lastKnownFileType = wrapper.framework; path = Diffusion.framework; sourceTree = "<group>"; };
		2E77FB121CCA616700EFB056 /* OrbsClient.swift */ = {isa = PBXFileReference; fileEncoding = 4; lastKnownFileType = sourcecode.swift; path = OrbsClient.swift; sourceTree = "<group>"; };
		2EA087F71CCE0EF600327190 /* OrbsLayer.swift */ = {isa = PBXFileReference; fileEncoding = 4; lastKnownFileType = sourcecode.swift; path = OrbsLayer.swift; sourceTree = "<group>"; };
		2EA087F91CCE15F100327190 /* OrbKey.swift */ = {isa = PBXFileReference; fileEncoding = 4; lastKnownFileType = sourcecode.swift; path = OrbKey.swift; sourceTree = "<group>"; };
		2EA087FB1CCE17C200327190 /* OrbState.swift */ = {isa = PBXFileReference; fileEncoding = 4; lastKnownFileType = sourcecode.swift; path = OrbState.swift; sourceTree = "<group>"; };
		2EA087FD1CCE88C400327190 /* OrbListener.swift */ = {isa = PBXFileReference; fileEncoding = 4; lastKnownFileType = sourcecode.swift; path = OrbListener.swift; sourceTree = "<group>"; };
		2EA088011CCE9C4C00327190 /* OrbsView.swift */ = {isa = PBXFileReference; fileEncoding = 4; lastKnownFileType = sourcecode.swift; path = OrbsView.swift; sourceTree = "<group>"; };
		2EFE519C1CCA3DEC00970A4E /* Orbs.app */ = {isa = PBXFileReference; explicitFileType = wrapper.application; includeInIndex = 0; path = Orbs.app; sourceTree = BUILT_PRODUCTS_DIR; };
		2EFE519F1CCA3DEC00970A4E /* AppDelegate.swift */ = {isa = PBXFileReference; lastKnownFileType = sourcecode.swift; path = AppDelegate.swift; sourceTree = "<group>"; };
		2EFE51A11CCA3DEC00970A4E /* ViewController.swift */ = {isa = PBXFileReference; lastKnownFileType = sourcecode.swift; path = ViewController.swift; sourceTree = "<group>"; };
		2EFE51A41CCA3DEC00970A4E /* Base */ = {isa = PBXFileReference; lastKnownFileType = file.storyboard; name = Base; path = Base.lproj/Main.storyboard; sourceTree = "<group>"; };
		2EFE51A61CCA3DEC00970A4E /* Assets.xcassets */ = {isa = PBXFileReference; lastKnownFileType = folder.assetcatalog; path = Assets.xcassets; sourceTree = "<group>"; };
		2EFE51A91CCA3DEC00970A4E /* Base */ = {isa = PBXFileReference; lastKnownFileType = file.storyboard; name = Base; path = Base.lproj/LaunchScreen.storyboard; sourceTree = "<group>"; };
		2EFE51AB1CCA3DEC00970A4E /* Info.plist */ = {isa = PBXFileReference; lastKnownFileType = text.plist.xml; path = Info.plist; sourceTree = "<group>"; };
/* End PBXFileReference section */

/* Begin PBXFrameworksBuildPhase section */
		2EFE51991CCA3DEC00970A4E /* Frameworks */ = {
			isa = PBXFrameworksBuildPhase;
			buildActionMask = 2147483647;
			files = (
				2E77FB0E1CCA4B7700EFB056 /* Diffusion.framework in Frameworks */,
			);
			runOnlyForDeploymentPostprocessing = 0;
		};
/* End PBXFrameworksBuildPhase section */

/* Begin PBXGroup section */
		2E77FB0A1CCA4B7700EFB056 /* Frameworks */ = {
			isa = PBXGroup;
			children = (
				2E77FB0C1CCA4B7700EFB056 /* Diffusion.framework */,
			);
			path = Frameworks;
			sourceTree = "<group>";
		};
		2EFE51931CCA3DEC00970A4E = {
			isa = PBXGroup;
			children = (
				2E77FB0A1CCA4B7700EFB056 /* Frameworks */,
				2EFE519E1CCA3DEC00970A4E /* Orbs */,
				2EFE519D1CCA3DEC00970A4E /* Products */,
			);
			sourceTree = "<group>";
		};
		2EFE519D1CCA3DEC00970A4E /* Products */ = {
			isa = PBXGroup;
			children = (
				2EFE519C1CCA3DEC00970A4E /* Orbs.app */,
			);
			name = Products;
			sourceTree = "<group>";
		};
		2EFE519E1CCA3DEC00970A4E /* Orbs */ = {
			isa = PBXGroup;
			children = (
				2EFE519F1CCA3DEC00970A4E /* AppDelegate.swift */,
				2EA087F91CCE15F100327190 /* OrbKey.swift */,
				2E3FEDD31CCF5B0300C41D5E /* OrbLayer.swift */,
				2EA087FD1CCE88C400327190 /* OrbListener.swift */,
				2E77FB121CCA616700EFB056 /* OrbsClient.swift */,
				2EA087F71CCE0EF600327190 /* OrbsLayer.swift */,
				2EA087FB1CCE17C200327190 /* OrbState.swift */,
				2EA088011CCE9C4C00327190 /* OrbsView.swift */,
				2EFE51A11CCA3DEC00970A4E /* ViewController.swift */,
				2EFE51A31CCA3DEC00970A4E /* Main.storyboard */,
				2EFE51A61CCA3DEC00970A4E /* Assets.xcassets */,
				2EFE51A81CCA3DEC00970A4E /* LaunchScreen.storyboard */,
				2EFE51AB1CCA3DEC00970A4E /* Info.plist */,
			);
			path = Orbs;
			sourceTree = "<group>";
		};
/* End PBXGroup section */

/* Begin PBXNativeTarget section */
		2EFE519B1CCA3DEC00970A4E /* Orbs */ = {
			isa = PBXNativeTarget;
			buildConfigurationList = 2EFE51AE1CCA3DEC00970A4E /* Build configuration list for PBXNativeTarget "Orbs" */;
			buildPhases = (
				2EFE51981CCA3DEC00970A4E /* Sources */,
				2EFE51991CCA3DEC00970A4E /* Frameworks */,
				2EFE519A1CCA3DEC00970A4E /* Resources */,
				2E77FB111CCA4C9300EFB056 /* Embed Frameworks */,
			);
			buildRules = (
			);
			dependencies = (
			);
			name = Orbs;
			productName = Orbs;
			productReference = 2EFE519C1CCA3DEC00970A4E /* Orbs.app */;
			productType = "com.apple.product-type.application";
		};
/* End PBXNativeTarget section */

/* Begin PBXProject section */
		2EFE51941CCA3DEC00970A4E /* Project object */ = {
			isa = PBXProject;
			attributes = {
				LastSwiftUpdateCheck = 0720;
				LastUpgradeCheck = 0820;
				ORGANIZATIONNAME = "Push Technology";
				TargetAttributes = {
					2EFE519B1CCA3DEC00970A4E = {
						CreatedOnToolsVersion = 7.2.1;
						LastSwiftMigration = 0820;
					};
				};
			};
			buildConfigurationList = 2EFE51971CCA3DEC00970A4E /* Build configuration list for PBXProject "Orbs" */;
			compatibilityVersion = "Xcode 3.2";
			developmentRegion = English;
			hasScannedForEncodings = 0;
			knownRegions = (
				en,
				Base,
			);
			mainGroup = 2EFE51931CCA3DEC00970A4E;
			productRefGroup = 2EFE519D1CCA3DEC00970A4E /* Products */;
			projectDirPath = "";
			projectRoot = "";
			targets = (
				2EFE519B1CCA3DEC00970A4E /* Orbs */,
			);
		};
/* End PBXProject section */

/* Begin PBXResourcesBuildPhase section */
		2EFE519A1CCA3DEC00970A4E /* Resources */ = {
			isa = PBXResourcesBuildPhase;
			buildActionMask = 2147483647;
			files = (
				2EFE51AA1CCA3DEC00970A4E /* LaunchScreen.storyboard in Resources */,
				2EFE51A71CCA3DEC00970A4E /* Assets.xcassets in Resources */,
				2EFE51A51CCA3DEC00970A4E /* Main.storyboard in Resources */,
			);
			runOnlyForDeploymentPostprocessing = 0;
		};
/* End PBXResourcesBuildPhase section */

/* Begin PBXSourcesBuildPhase section */
		2EFE51981CCA3DEC00970A4E /* Sources */ = {
			isa = PBXSourcesBuildPhase;
			buildActionMask = 2147483647;
			files = (
				2EFE51A21CCA3DEC00970A4E /* ViewController.swift in Sources */,
				2EA087FE1CCE88C400327190 /* OrbListener.swift in Sources */,
				2EA088021CCE9C4C00327190 /* OrbsView.swift in Sources */,
				2EA087FC1CCE17C200327190 /* OrbState.swift in Sources */,
				2E3FEDD41CCF5B0300C41D5E /* OrbLayer.swift in Sources */,
				2EA087F81CCE0EF600327190 /* OrbsLayer.swift in Sources */,
				2E77FB131CCA616700EFB056 /* OrbsClient.swift in Sources */,
				2EFE51A01CCA3DEC00970A4E /* AppDelegate.swift in Sources */,
				2EA087FA1CCE15F100327190 /* OrbKey.swift in Sources */,
			);
			runOnlyForDeploymentPostprocessing = 0;
		};
/* End PBXSourcesBuildPhase section */

/* Begin PBXVariantGroup section */
		2EFE51A31CCA3DEC00970A4E /* Main.storyboard */ = {
			isa = PBXVariantGroup;
			children = (
				2EFE51A41CCA3DEC00970A4E /* Base */,
			);
			name = Main.storyboard;
			sourceTree = "<group>";
		};
		2EFE51A81CCA3DEC00970A4E /* LaunchScreen.storyboard */ = {
			isa = PBXVariantGroup;
			children = (
				2EFE51A91CCA3DEC00970A4E /* Base */,
			);
			name = LaunchScreen.storyboard;
			sourceTree = "<group>";
		};
/* End PBXVariantGroup section */

/* Begin XCBuildConfiguration section */
		2EFE51AC1CCA3DEC00970A4E /* Debug */ = {
			isa = XCBuildConfiguration;
			buildSettings = {
				ALWAYS_SEARCH_USER_PATHS = NO;
				CLANG_CXX_LANGUAGE_STANDARD = "gnu++0x";
				CLANG_CXX_LIBRARY = "libc++";
				CLANG_ENABLE_MODULES = YES;
				CLANG_ENABLE_OBJC_ARC = YES;
				CLANG_WARN_BOOL_CONVERSION = YES;
				CLANG_WARN_CONSTANT_CONVERSION = YES;
				CLANG_WARN_DIRECT_OBJC_ISA_USAGE = YES_ERROR;
				CLANG_WARN_EMPTY_BODY = YES;
				CLANG_WARN_ENUM_CONVERSION = YES;
				CLANG_WARN_INFINITE_RECURSION = YES;
				CLANG_WARN_INT_CONVERSION = YES;
				CLANG_WARN_OBJC_ROOT_CLASS = YES_ERROR;
				CLANG_WARN_SUSPICIOUS_MOVE = YES;
				CLANG_WARN_UNREACHABLE_CODE = YES;
				CLANG_WARN__DUPLICATE_METHOD_MATCH = YES;
				"CODE_SIGN_IDENTITY[sdk=iphoneos*]" = "iPhone Developer";
				COPY_PHASE_STRIP = NO;
				DEBUG_INFORMATION_FORMAT = dwarf;
				ENABLE_STRICT_OBJC_MSGSEND = YES;
				ENABLE_TESTABILITY = YES;
				GCC_C_LANGUAGE_STANDARD = gnu99;
				GCC_DYNAMIC_NO_PIC = NO;
				GCC_NO_COMMON_BLOCKS = YES;
				GCC_OPTIMIZATION_LEVEL = 0;
				GCC_PREPROCESSOR_DEFINITIONS = (
					"DEBUG=1",
					"$(inherited)",
				);
				GCC_WARN_64_TO_32_BIT_CONVERSION = YES;
				GCC_WARN_ABOUT_RETURN_TYPE = YES_ERROR;
				GCC_WARN_UNDECLARED_SELECTOR = YES;
				GCC_WARN_UNINITIALIZED_AUTOS = YES_AGGRESSIVE;
				GCC_WARN_UNUSED_FUNCTION = YES;
				GCC_WARN_UNUSED_VARIABLE = YES;
				IPHONEOS_DEPLOYMENT_TARGET = 9.2;
				MTL_ENABLE_DEBUG_INFO = YES;
				ONLY_ACTIVE_ARCH = YES;
				SDKROOT = iphoneos;
				SWIFT_OPTIMIZATION_LEVEL = "-Onone";
				TARGETED_DEVICE_FAMILY = "1,2";
			};
			name = Debug;
		};
		2EFE51AD1CCA3DEC00970A4E /* Release */ = {
			isa = XCBuildConfiguration;
			buildSettings = {
				ALWAYS_SEARCH_USER_PATHS = NO;
				CLANG_CXX_LANGUAGE_STANDARD = "gnu++0x";
				CLANG_CXX_LIBRARY = "libc++";
				CLANG_ENABLE_MODULES = YES;
				CLANG_ENABLE_OBJC_ARC = YES;
				CLANG_WARN_BOOL_CONVERSION = YES;
				CLANG_WARN_CONSTANT_CONVERSION = YES;
				CLANG_WARN_DIRECT_OBJC_ISA_USAGE = YES_ERROR;
				CLANG_WARN_EMPTY_BODY = YES;
				CLANG_WARN_ENUM_CONVERSION = YES;
				CLANG_WARN_INFINITE_RECURSION = YES;
				CLANG_WARN_INT_CONVERSION = YES;
				CLANG_WARN_OBJC_ROOT_CLASS = YES_ERROR;
				CLANG_WARN_SUSPICIOUS_MOVE = YES;
				CLANG_WARN_UNREACHABLE_CODE = YES;
				CLANG_WARN__DUPLICATE_METHOD_MATCH = YES;
				"CODE_SIGN_IDENTITY[sdk=iphoneos*]" = "iPhone Developer";
				COPY_PHASE_STRIP = NO;
				DEBUG_INFORMATION_FORMAT = "dwarf-with-dsym";
				ENABLE_NS_ASSERTIONS = NO;
				ENABLE_STRICT_OBJC_MSGSEND = YES;
				GCC_C_LANGUAGE_STANDARD = gnu99;
				GCC_NO_COMMON_BLOCKS = YES;
				GCC_WARN_64_TO_32_BIT_CONVERSION = YES;
				GCC_WARN_ABOUT_RETURN_TYPE = YES_ERROR;
				GCC_WARN_UNDECLARED_SELECTOR = YES;
				GCC_WARN_UNINITIALIZED_AUTOS = YES_AGGRESSIVE;
				GCC_WARN_UNUSED_FUNCTION = YES;
				GCC_WARN_UNUSED_VARIABLE = YES;
				IPHONEOS_DEPLOYMENT_TARGET = 9.2;
				MTL_ENABLE_DEBUG_INFO = NO;
				SDKROOT = iphoneos;
				SWIFT_OPTIMIZATION_LEVEL = "-Owholemodule";
				TARGETED_DEVICE_FAMILY = "1,2";
				VALIDATE_PRODUCT = YES;
			};
			name = Release;
		};
		2EFE51AF1CCA3DEC00970A4E /* Debug */ = {
			isa = XCBuildConfiguration;
			buildSettings = {
				ASSETCATALOG_COMPILER_APPICON_NAME = AppIcon;
				FRAMEWORK_SEARCH_PATHS = (
					"$(inherited)",
					"$(PROJECT_DIR)/Frameworks",
				);
				INFOPLIST_FILE = Orbs/Info.plist;
				LD_RUNPATH_SEARCH_PATHS = "$(inherited) @executable_path/Frameworks";
				PRODUCT_BUNDLE_IDENTIFIER = com.pushtechnology.demo.Orbs;
				PRODUCT_NAME = "$(TARGET_NAME)";
				SWIFT_VERSION = 3.0;
			};
			name = Debug;
		};
		2EFE51B01CCA3DEC00970A4E /* Release */ = {
			isa = XCBuildConfiguration;
			buildSettings = {
				ASSETCATALOG_COMPILER_APPICON_NAME = AppIcon;
				FRAMEWORK_SEARCH_PATHS = (
					"$(inherited)",
					"$(PROJECT_DIR)/Frameworks",
				);
				INFOPLIST_FILE = Orbs/Info.plist;
				LD_RUNPATH_SEARCH_PATHS = "$(inherited) @executable_path/Frameworks";
				PRODUCT_BUNDLE_IDENTIFIER = com.pushtechnology.demo.Orbs;
				PRODUCT_NAME = "$(TARGET_NAME)";
				SWIFT_VERSION = 3.0;
			};
			name = Release;
		};
/* End XCBuildConfiguration section */

/* Begin XCConfigurationList section */
		2EFE51971CCA3DEC00970A4E /* Build configuration list for PBXProject "Orbs" */ = {
			isa = XCConfigurationList;
			buildConfigurations = (
				2EFE51AC1CCA3DEC00970A4E /* Debug */,
				2EFE51AD1CCA3DEC00970A4E /* Release */,
			);
			defaultConfigurationIsVisible = 0;
			defaultConfigurationName = Release;
		};
		2EFE51AE1CCA3DEC00970A4E /* Build configuration list for PBXNativeTarget "Orbs" */ = {
			isa = XCConfigurationList;
			buildConfigurations = (
				2EFE51AF1CCA3DEC00970A4E /* Debug */,
				2EFE51B01CCA3DEC00970A4E /* Release */,
			);
			defaultConfigurationIsVisible = 0;
			defaultConfigurationName = Release;
		};
/* End XCConfigurationList section */
	};
	rootObject = 2EFE51941CCA3DEC00970A4E /* Project object */;
}
